// !$*UTF8*$!
{
	archiveVersion = 1;
	classes = {
	};
	objectVersion = 46;
	objects = {

/* Begin PBXBuildFile section */
		8222CB3E182855A600DA1230 /* ProjectileScherm_v1_leeg.png in Resources */ = {isa = PBXBuildFile; fileRef = 8222CB3C182855A600DA1230 /* ProjectileScherm_v1_leeg.png */; };
		8222CB3F182855A600DA1230 /* UpgradeScherm_v1_leeg.png in Resources */ = {isa = PBXBuildFile; fileRef = 8222CB3D182855A600DA1230 /* UpgradeScherm_v1_leeg.png */; };
		822793CB1823D22100729F29 /* barrel.png in Resources */ = {isa = PBXBuildFile; fileRef = 822793C91823D22100729F29 /* barrel.png */; };
		822793CC1823D22100729F29 /* barrel@2x.png in Resources */ = {isa = PBXBuildFile; fileRef = 822793CA1823D22100729F29 /* barrel@2x.png */; };
		822793CF1823D30A00729F29 /* background.png in Resources */ = {isa = PBXBuildFile; fileRef = 822793CD1823D30A00729F29 /* background.png */; };
		822793D01823D30A00729F29 /* background@2x.png in Resources */ = {isa = PBXBuildFile; fileRef = 822793CE1823D30A00729F29 /* background@2x.png */; };
		822793D51823D32C00729F29 /* EasyEnemy.png in Resources */ = {isa = PBXBuildFile; fileRef = 822793D11823D32C00729F29 /* EasyEnemy.png */; };
		822793D61823D32C00729F29 /* EasyEnemy@2x.png in Resources */ = {isa = PBXBuildFile; fileRef = 822793D21823D32C00729F29 /* EasyEnemy@2x.png */; };
		822793D71823D32C00729F29 /* HardEnemy.png in Resources */ = {isa = PBXBuildFile; fileRef = 822793D31823D32C00729F29 /* HardEnemy.png */; };
		822793D81823D32C00729F29 /* HardEnemy@2x.png in Resources */ = {isa = PBXBuildFile; fileRef = 822793D41823D32C00729F29 /* HardEnemy@2x.png */; };
		825D662918270569001EB9C9 /* Levels.plist in Resources */ = {isa = PBXBuildFile; fileRef = 825D662818270569001EB9C9 /* Levels.plist */; };
		8274313B1822AB27004E6643 /* 0.png in Resources */ = {isa = PBXBuildFile; fileRef = 827431211822AB27004E6643 /* 0.png */; };
		8274313C1822AB27004E6643 /* 10.png in Resources */ = {isa = PBXBuildFile; fileRef = 827431221822AB27004E6643 /* 10.png */; };
		8274313D1822AB27004E6643 /* 100.png in Resources */ = {isa = PBXBuildFile; fileRef = 827431231822AB27004E6643 /* 100.png */; };
		8274313E1822AB27004E6643 /* 20.png in Resources */ = {isa = PBXBuildFile; fileRef = 827431241822AB27004E6643 /* 20.png */; };
		8274313F1822AB27004E6643 /* 30.png in Resources */ = {isa = PBXBuildFile; fileRef = 827431251822AB27004E6643 /* 30.png */; };
		827431401822AB27004E6643 /* 40.png in Resources */ = {isa = PBXBuildFile; fileRef = 827431261822AB27004E6643 /* 40.png */; };
		827431411822AB27004E6643 /* 50.png in Resources */ = {isa = PBXBuildFile; fileRef = 827431271822AB27004E6643 /* 50.png */; };
		827431421822AB27004E6643 /* 60.png in Resources */ = {isa = PBXBuildFile; fileRef = 827431281822AB27004E6643 /* 60.png */; };
		827431431822AB27004E6643 /* 70.png in Resources */ = {isa = PBXBuildFile; fileRef = 827431291822AB27004E6643 /* 70.png */; };
		827431441822AB27004E6643 /* 80.png in Resources */ = {isa = PBXBuildFile; fileRef = 8274312A1822AB27004E6643 /* 80.png */; };
		827431451822AB27004E6643 /* 90.png in Resources */ = {isa = PBXBuildFile; fileRef = 8274312B1822AB27004E6643 /* 90.png */; };
		827431481822AB27004E6643 /* base.png in Resources */ = {isa = PBXBuildFile; fileRef = 8274312F1822AB27004E6643 /* base.png */; };
		827431491822AB27004E6643 /* base@2x.png in Resources */ = {isa = PBXBuildFile; fileRef = 827431301822AB27004E6643 /* base@2x.png */; };
		8274314A1822AB27004E6643 /* BigExplosion.png in Resources */ = {isa = PBXBuildFile; fileRef = 827431311822AB27004E6643 /* BigExplosion.png */; };
		8274314B1822AB27004E6643 /* DefenderHeart.png in Resources */ = {isa = PBXBuildFile; fileRef = 827431321822AB27004E6643 /* DefenderHeart.png */; };
		8274314C1822AB27004E6643 /* DefenderHeart@2x.png in Resources */ = {isa = PBXBuildFile; fileRef = 827431331822AB27004E6643 /* DefenderHeart@2x.png */; };
		8274314F1822AB27004E6643 /* Explosion.png in Resources */ = {isa = PBXBuildFile; fileRef = 827431361822AB27004E6643 /* Explosion.png */; };
		827431501822AB27004E6643 /* menu.png in Resources */ = {isa = PBXBuildFile; fileRef = 827431381822AB27004E6643 /* menu.png */; };
		827431511822AB27004E6643 /* pauzebutton.png in Resources */ = {isa = PBXBuildFile; fileRef = 827431391822AB27004E6643 /* pauzebutton.png */; };
		827431521822AB27004E6643 /* pauzebutton@2x.png in Resources */ = {isa = PBXBuildFile; fileRef = 8274313A1822AB27004E6643 /* pauzebutton@2x.png */; };
		8274315D1822AB3E004E6643 /* EnemyProjectile.png in Resources */ = {isa = PBXBuildFile; fileRef = 827431541822AB3E004E6643 /* EnemyProjectile.png */; };
		8274315E1822AB3E004E6643 /* EnemyProjectile@2x.png in Resources */ = {isa = PBXBuildFile; fileRef = 827431551822AB3E004E6643 /* EnemyProjectile@2x.png */; };
		8274315F1822AB3E004E6643 /* NormalProjectile.png in Resources */ = {isa = PBXBuildFile; fileRef = 827431561822AB3E004E6643 /* NormalProjectile.png */; };
		827431601822AB3E004E6643 /* NormalProjectile@2x.png in Resources */ = {isa = PBXBuildFile; fileRef = 827431571822AB3E004E6643 /* NormalProjectile@2x.png */; };
		827431611822AB3E004E6643 /* DarkMatterProjectile.png in Resources */ = {isa = PBXBuildFile; fileRef = 827431581822AB3E004E6643 /* DarkMatterProjectile.png */; };
		827431621822AB3E004E6643 /* UnstoppableProjectile.png in Resources */ = {isa = PBXBuildFile; fileRef = 827431591822AB3E004E6643 /* UnstoppableProjectile.png */; };
		827431631822AB3E004E6643 /* LightningProjectile.png in Resources */ = {isa = PBXBuildFile; fileRef = 8274315A1822AB3E004E6643 /* LightningProjectile.png */; };
		827431641822AB3E004E6643 /* FrequentProjectile.png in Resources */ = {isa = PBXBuildFile; fileRef = 8274315B1822AB3E004E6643 /* FrequentProjectile.png */; };
		827431651822AB3E004E6643 /* PowerProjectile.png in Resources */ = {isa = PBXBuildFile; fileRef = 8274315C1822AB3E004E6643 /* PowerProjectile.png */; };
		829EA93E18166847006341B8 /* CoreMotion.framework in Frameworks */ = {isa = PBXBuildFile; fileRef = 829EA93D18166847006341B8 /* CoreMotion.framework */; };
		82B9E0E21825702C00AB37C8 /* PdarkMatter.png in Resources */ = {isa = PBXBuildFile; fileRef = 82B9E0DD1825702C00AB37C8 /* PdarkMatter.png */; };
		82B9E0E31825702C00AB37C8 /* PmoveSpeed.png in Resources */ = {isa = PBXBuildFile; fileRef = 82B9E0DE1825702C00AB37C8 /* PmoveSpeed.png */; };
		82B9E0E41825702C00AB37C8 /* Ppower.png in Resources */ = {isa = PBXBuildFile; fileRef = 82B9E0DF1825702C00AB37C8 /* Ppower.png */; };
		82B9E0E51825702C00AB37C8 /* PrateOfFire.png in Resources */ = {isa = PBXBuildFile; fileRef = 82B9E0E01825702C00AB37C8 /* PrateOfFire.png */; };
		82B9E0E61825702C00AB37C8 /* Punstoppable.png in Resources */ = {isa = PBXBuildFile; fileRef = 82B9E0E11825702C00AB37C8 /* Punstoppable.png */; };
		82B9E0ED182570AB00AB37C8 /* health.png in Resources */ = {isa = PBXBuildFile; fileRef = 82B9E0E8182570AB00AB37C8 /* health.png */; };
		82B9E0EE182570AB00AB37C8 /* moveSpeed.png in Resources */ = {isa = PBXBuildFile; fileRef = 82B9E0E9182570AB00AB37C8 /* moveSpeed.png */; };
		82B9E0EF182570AB00AB37C8 /* power.png in Resources */ = {isa = PBXBuildFile; fileRef = 82B9E0EA182570AB00AB37C8 /* power.png */; };
		82B9E0F0182570AB00AB37C8 /* rateOfFire.png in Resources */ = {isa = PBXBuildFile; fileRef = 82B9E0EB182570AB00AB37C8 /* rateOfFire.png */; };
		82B9E0F1182570AB00AB37C8 /* rotSpeed.png in Resources */ = {isa = PBXBuildFile; fileRef = 82B9E0EC182570AB00AB37C8 /* rotSpeed.png */; };
		82B9E0F4182580EF00AB37C8 /* PowerProjectile.m in Sources */ = {isa = PBXBuildFile; fileRef = 82B9E0F3182580EF00AB37C8 /* PowerProjectile.m */; };
		82B9E0F71825824100AB37C8 /* FrequentProjectile.m in Sources */ = {isa = PBXBuildFile; fileRef = 82B9E0F61825824100AB37C8 /* FrequentProjectile.m */; };
		82B9E0FA1825826F00AB37C8 /* LightningProjectile.m in Sources */ = {isa = PBXBuildFile; fileRef = 82B9E0F91825826F00AB37C8 /* LightningProjectile.m */; };
		82B9E0FD182582BD00AB37C8 /* UnstoppableProjectile.m in Sources */ = {isa = PBXBuildFile; fileRef = 82B9E0FC182582BD00AB37C8 /* UnstoppableProjectile.m */; };
		82B9E100182582D800AB37C8 /* DarkMatterProjectile.m in Sources */ = {isa = PBXBuildFile; fileRef = 82B9E0FF182582D800AB37C8 /* DarkMatterProjectile.m */; };
		82D880021825A3CA00338BBB /* PowerProjectile@2x.png in Resources */ = {isa = PBXBuildFile; fileRef = 82D87FFD1825A3CA00338BBB /* PowerProjectile@2x.png */; };
		82D880031825A3CA00338BBB /* LightningProjectile@2x.png in Resources */ = {isa = PBXBuildFile; fileRef = 82D87FFE1825A3CA00338BBB /* LightningProjectile@2x.png */; };
		82D880041825A3CA00338BBB /* UnstoppableProjectile@2x.png in Resources */ = {isa = PBXBuildFile; fileRef = 82D87FFF1825A3CA00338BBB /* UnstoppableProjectile@2x.png */; };
		82D880051825A3CA00338BBB /* FrequentProjectile@2x.png in Resources */ = {isa = PBXBuildFile; fileRef = 82D880001825A3CA00338BBB /* FrequentProjectile@2x.png */; };
		82D880061825A3CA00338BBB /* DarkMatterProjectile@2x.png in Resources */ = {isa = PBXBuildFile; fileRef = 82D880011825A3CA00338BBB /* DarkMatterProjectile@2x.png */; };
		CD27294C1827A34C005CD420 /* SP_iPhone Retina (iOS 6 and Prior).png in Resources */ = {isa = PBXBuildFile; fileRef = CD2729491827A34C005CD420 /* SP_iPhone Retina (iOS 6 and Prior).png */; };
		CD27294D1827A34C005CD420 /* SP_iPhone Retina.png in Resources */ = {isa = PBXBuildFile; fileRef = CD27294A1827A34C005CD420 /* SP_iPhone Retina.png */; };
		CD27294E1827A34C005CD420 /* SP_iPhone Non-Retina.png in Resources */ = {isa = PBXBuildFile; fileRef = CD27294B1827A34C005CD420 /* SP_iPhone Non-Retina.png */; };
		CD27295E1827AC8D005CD420 /* Default.png in Resources */ = {isa = PBXBuildFile; fileRef = CD27295B1827AC8D005CD420 /* Default.png */; };
		CD27295F1827AC8D005CD420 /* Default-568h@2x.png in Resources */ = {isa = PBXBuildFile; fileRef = CD27295C1827AC8D005CD420 /* Default-568h@2x.png */; };
		CD2729601827AC8D005CD420 /* Default~iphone.png in Resources */ = {isa = PBXBuildFile; fileRef = CD27295D1827AC8D005CD420 /* Default~iphone.png */; };
		CDD36AB51824644800207570 /* iPhone Non-Retina.png in Resources */ = {isa = PBXBuildFile; fileRef = CDD36AB21824644800207570 /* iPhone Non-Retina.png */; };
		CDD36AB61824644800207570 /* iPhone Retina (iOS 6 and Prior).png in Resources */ = {isa = PBXBuildFile; fileRef = CDD36AB31824644800207570 /* iPhone Retina (iOS 6 and Prior).png */; };
		CDD36AB71824644800207570 /* iPhone Retina.png in Resources */ = {isa = PBXBuildFile; fileRef = CDD36AB41824644800207570 /* iPhone Retina.png */; };
		DC8AC99F1826A50E007CBC26 /* GameData.m in Sources */ = {isa = PBXBuildFile; fileRef = DC8AC99E1826A50E007CBC26 /* GameData.m */; };
		DC8CCB47181FCD80008C5DB3 /* GameData.plist in Resources */ = {isa = PBXBuildFile; fileRef = DC8CCB46181FCD7F008C5DB3 /* GameData.plist */; };
		DC8DD040180C0A8200857A2D /* UIKit.framework in Frameworks */ = {isa = PBXBuildFile; fileRef = DC8DD03F180C0A8200857A2D /* UIKit.framework */; };
		DC8DD042180C0A8200857A2D /* Foundation.framework in Frameworks */ = {isa = PBXBuildFile; fileRef = DC8DD041180C0A8200857A2D /* Foundation.framework */; };
		DC8DD044180C0A8200857A2D /* CoreGraphics.framework in Frameworks */ = {isa = PBXBuildFile; fileRef = DC8DD043180C0A8200857A2D /* CoreGraphics.framework */; };
		DC8DD04A180C0A8200857A2D /* InfoPlist.strings in Resources */ = {isa = PBXBuildFile; fileRef = DC8DD048180C0A8200857A2D /* InfoPlist.strings */; };
		DC8DD04C180C0A8200857A2D /* main.m in Sources */ = {isa = PBXBuildFile; fileRef = DC8DD04B180C0A8200857A2D /* main.m */; };
		DC8DD050180C0A8200857A2D /* AppDelegate.m in Sources */ = {isa = PBXBuildFile; fileRef = DC8DD04F180C0A8200857A2D /* AppDelegate.m */; };
		DC8DD05F180C0B2800857A2D /* MainViewController.m in Sources */ = {isa = PBXBuildFile; fileRef = DC8DD05D180C0B2800857A2D /* MainViewController.m */; };
		DC8DD063180C0BC200857A2D /* MenuViewController.m in Sources */ = {isa = PBXBuildFile; fileRef = DC8DD062180C0BC200857A2D /* MenuViewController.m */; };
		DC8DD066180C0D1500857A2D /* Playfield.m in Sources */ = {isa = PBXBuildFile; fileRef = DC8DD065180C0D1500857A2D /* Playfield.m */; };
		DC8DD072180C0D9C00857A2D /* Enemy.m in Sources */ = {isa = PBXBuildFile; fileRef = DC8DD071180C0D9C00857A2D /* Enemy.m */; };
		DC8DD075180C0DB800857A2D /* Enemy1.m in Sources */ = {isa = PBXBuildFile; fileRef = DC8DD074180C0DB800857A2D /* Enemy1.m */; };
		DC8DD078180C0DCA00857A2D /* Enemy2.m in Sources */ = {isa = PBXBuildFile; fileRef = DC8DD077180C0DC900857A2D /* Enemy2.m */; };
		DC8DD07B180C0DE700857A2D /* Cannon.m in Sources */ = {isa = PBXBuildFile; fileRef = DC8DD07A180C0DE700857A2D /* Cannon.m */; };
		DC8DD07E180C0E0500857A2D /* Projectile.m in Sources */ = {isa = PBXBuildFile; fileRef = DC8DD07D180C0E0500857A2D /* Projectile.m */; };
		DC8DD081180C0E1A00857A2D /* DefaultProjectile.m in Sources */ = {isa = PBXBuildFile; fileRef = DC8DD080180C0E1A00857A2D /* DefaultProjectile.m */; };
		DC8DD084180C0E2A00857A2D /* EnemyProjectile.m in Sources */ = {isa = PBXBuildFile; fileRef = DC8DD083180C0E2900857A2D /* EnemyProjectile.m */; };
		DC8DD087180C0E3800857A2D /* Object.m in Sources */ = {isa = PBXBuildFile; fileRef = DC8DD086180C0E3700857A2D /* Object.m */; };
		DCDF4B9F181E8213008ED39F /* MenuView.xib in Resources */ = {isa = PBXBuildFile; fileRef = DCDF4B9E181E8213008ED39F /* MenuView.xib */; };
		DCDF4BA2181E88FC008ED39F /* Heart.m in Sources */ = {isa = PBXBuildFile; fileRef = DCDF4BA1181E88FB008ED39F /* Heart.m */; };
/* End PBXBuildFile section */

/* Begin PBXFileReference section */
		8222CB3C182855A600DA1230 /* ProjectileScherm_v1_leeg.png */ = {isa = PBXFileReference; lastKnownFileType = image.png; path = ProjectileScherm_v1_leeg.png; sourceTree = "<group>"; };
		8222CB3D182855A600DA1230 /* UpgradeScherm_v1_leeg.png */ = {isa = PBXFileReference; lastKnownFileType = image.png; path = UpgradeScherm_v1_leeg.png; sourceTree = "<group>"; };
		822793C91823D22100729F29 /* barrel.png */ = {isa = PBXFileReference; lastKnownFileType = image.png; path = barrel.png; sourceTree = "<group>"; };
		822793CA1823D22100729F29 /* barrel@2x.png */ = {isa = PBXFileReference; lastKnownFileType = image.png; path = "barrel@2x.png"; sourceTree = "<group>"; };
		822793CD1823D30A00729F29 /* background.png */ = {isa = PBXFileReference; lastKnownFileType = image.png; path = background.png; sourceTree = "<group>"; };
		822793CE1823D30A00729F29 /* background@2x.png */ = {isa = PBXFileReference; lastKnownFileType = image.png; path = "background@2x.png"; sourceTree = "<group>"; };
		822793D11823D32C00729F29 /* EasyEnemy.png */ = {isa = PBXFileReference; lastKnownFileType = image.png; path = EasyEnemy.png; sourceTree = "<group>"; };
		822793D21823D32C00729F29 /* EasyEnemy@2x.png */ = {isa = PBXFileReference; lastKnownFileType = image.png; path = "EasyEnemy@2x.png"; sourceTree = "<group>"; };
		822793D31823D32C00729F29 /* HardEnemy.png */ = {isa = PBXFileReference; lastKnownFileType = image.png; path = HardEnemy.png; sourceTree = "<group>"; };
		822793D41823D32C00729F29 /* HardEnemy@2x.png */ = {isa = PBXFileReference; lastKnownFileType = image.png; path = "HardEnemy@2x.png"; sourceTree = "<group>"; };
		825D662818270569001EB9C9 /* Levels.plist */ = {isa = PBXFileReference; fileEncoding = 4; lastKnownFileType = text.plist.xml; path = Levels.plist; sourceTree = "<group>"; };
		827431211822AB27004E6643 /* 0.png */ = {isa = PBXFileReference; lastKnownFileType = image.png; path = 0.png; sourceTree = "<group>"; };
		827431221822AB27004E6643 /* 10.png */ = {isa = PBXFileReference; lastKnownFileType = image.png; path = 10.png; sourceTree = "<group>"; };
		827431231822AB27004E6643 /* 100.png */ = {isa = PBXFileReference; lastKnownFileType = image.png; path = 100.png; sourceTree = "<group>"; };
		827431241822AB27004E6643 /* 20.png */ = {isa = PBXFileReference; lastKnownFileType = image.png; path = 20.png; sourceTree = "<group>"; };
		827431251822AB27004E6643 /* 30.png */ = {isa = PBXFileReference; lastKnownFileType = image.png; path = 30.png; sourceTree = "<group>"; };
		827431261822AB27004E6643 /* 40.png */ = {isa = PBXFileReference; lastKnownFileType = image.png; path = 40.png; sourceTree = "<group>"; };
		827431271822AB27004E6643 /* 50.png */ = {isa = PBXFileReference; lastKnownFileType = image.png; path = 50.png; sourceTree = "<group>"; };
		827431281822AB27004E6643 /* 60.png */ = {isa = PBXFileReference; lastKnownFileType = image.png; path = 60.png; sourceTree = "<group>"; };
		827431291822AB27004E6643 /* 70.png */ = {isa = PBXFileReference; lastKnownFileType = image.png; path = 70.png; sourceTree = "<group>"; };
		8274312A1822AB27004E6643 /* 80.png */ = {isa = PBXFileReference; lastKnownFileType = image.png; path = 80.png; sourceTree = "<group>"; };
		8274312B1822AB27004E6643 /* 90.png */ = {isa = PBXFileReference; lastKnownFileType = image.png; path = 90.png; sourceTree = "<group>"; };
		8274312F1822AB27004E6643 /* base.png */ = {isa = PBXFileReference; lastKnownFileType = image.png; path = base.png; sourceTree = "<group>"; };
		827431301822AB27004E6643 /* base@2x.png */ = {isa = PBXFileReference; lastKnownFileType = image.png; path = "base@2x.png"; sourceTree = "<group>"; };
		827431311822AB27004E6643 /* BigExplosion.png */ = {isa = PBXFileReference; lastKnownFileType = image.png; path = BigExplosion.png; sourceTree = "<group>"; };
		827431321822AB27004E6643 /* DefenderHeart.png */ = {isa = PBXFileReference; lastKnownFileType = image.png; path = DefenderHeart.png; sourceTree = "<group>"; };
		827431331822AB27004E6643 /* DefenderHeart@2x.png */ = {isa = PBXFileReference; lastKnownFileType = image.png; path = "DefenderHeart@2x.png"; sourceTree = "<group>"; };
		827431361822AB27004E6643 /* Explosion.png */ = {isa = PBXFileReference; lastKnownFileType = image.png; path = Explosion.png; sourceTree = "<group>"; };
		827431381822AB27004E6643 /* menu.png */ = {isa = PBXFileReference; lastKnownFileType = image.png; path = menu.png; sourceTree = "<group>"; };
		827431391822AB27004E6643 /* pauzebutton.png */ = {isa = PBXFileReference; lastKnownFileType = image.png; path = pauzebutton.png; sourceTree = "<group>"; };
		8274313A1822AB27004E6643 /* pauzebutton@2x.png */ = {isa = PBXFileReference; lastKnownFileType = image.png; path = "pauzebutton@2x.png"; sourceTree = "<group>"; };
		827431541822AB3E004E6643 /* EnemyProjectile.png */ = {isa = PBXFileReference; lastKnownFileType = image.png; path = EnemyProjectile.png; sourceTree = "<group>"; };
		827431551822AB3E004E6643 /* EnemyProjectile@2x.png */ = {isa = PBXFileReference; lastKnownFileType = image.png; path = "EnemyProjectile@2x.png"; sourceTree = "<group>"; };
		827431561822AB3E004E6643 /* NormalProjectile.png */ = {isa = PBXFileReference; lastKnownFileType = image.png; path = NormalProjectile.png; sourceTree = "<group>"; };
		827431571822AB3E004E6643 /* NormalProjectile@2x.png */ = {isa = PBXFileReference; lastKnownFileType = image.png; path = "NormalProjectile@2x.png"; sourceTree = "<group>"; };
		827431581822AB3E004E6643 /* DarkMatterProjectile.png */ = {isa = PBXFileReference; lastKnownFileType = image.png; path = DarkMatterProjectile.png; sourceTree = "<group>"; };
		827431591822AB3E004E6643 /* UnstoppableProjectile.png */ = {isa = PBXFileReference; lastKnownFileType = image.png; path = UnstoppableProjectile.png; sourceTree = "<group>"; };
		8274315A1822AB3E004E6643 /* LightningProjectile.png */ = {isa = PBXFileReference; lastKnownFileType = image.png; path = LightningProjectile.png; sourceTree = "<group>"; };
		8274315B1822AB3E004E6643 /* FrequentProjectile.png */ = {isa = PBXFileReference; lastKnownFileType = image.png; path = FrequentProjectile.png; sourceTree = "<group>"; };
		8274315C1822AB3E004E6643 /* PowerProjectile.png */ = {isa = PBXFileReference; lastKnownFileType = image.png; path = PowerProjectile.png; sourceTree = "<group>"; };
		829EA93D18166847006341B8 /* CoreMotion.framework */ = {isa = PBXFileReference; lastKnownFileType = wrapper.framework; name = CoreMotion.framework; path = System/Library/Frameworks/CoreMotion.framework; sourceTree = SDKROOT; };
		82B9E0DD1825702C00AB37C8 /* PdarkMatter.png */ = {isa = PBXFileReference; lastKnownFileType = image.png; path = PdarkMatter.png; sourceTree = "<group>"; };
		82B9E0DE1825702C00AB37C8 /* PmoveSpeed.png */ = {isa = PBXFileReference; lastKnownFileType = image.png; path = PmoveSpeed.png; sourceTree = "<group>"; };
		82B9E0DF1825702C00AB37C8 /* Ppower.png */ = {isa = PBXFileReference; lastKnownFileType = image.png; path = Ppower.png; sourceTree = "<group>"; };
		82B9E0E01825702C00AB37C8 /* PrateOfFire.png */ = {isa = PBXFileReference; lastKnownFileType = image.png; path = PrateOfFire.png; sourceTree = "<group>"; };
		82B9E0E11825702C00AB37C8 /* Punstoppable.png */ = {isa = PBXFileReference; lastKnownFileType = image.png; path = Punstoppable.png; sourceTree = "<group>"; };
		82B9E0E8182570AB00AB37C8 /* health.png */ = {isa = PBXFileReference; lastKnownFileType = image.png; path = health.png; sourceTree = "<group>"; };
		82B9E0E9182570AB00AB37C8 /* moveSpeed.png */ = {isa = PBXFileReference; lastKnownFileType = image.png; path = moveSpeed.png; sourceTree = "<group>"; };
		82B9E0EA182570AB00AB37C8 /* power.png */ = {isa = PBXFileReference; lastKnownFileType = image.png; path = power.png; sourceTree = "<group>"; };
		82B9E0EB182570AB00AB37C8 /* rateOfFire.png */ = {isa = PBXFileReference; lastKnownFileType = image.png; path = rateOfFire.png; sourceTree = "<group>"; };
		82B9E0EC182570AB00AB37C8 /* rotSpeed.png */ = {isa = PBXFileReference; lastKnownFileType = image.png; path = rotSpeed.png; sourceTree = "<group>"; };
		82B9E0F2182580EF00AB37C8 /* PowerProjectile.h */ = {isa = PBXFileReference; fileEncoding = 4; lastKnownFileType = sourcecode.c.h; name = PowerProjectile.h; path = ../PowerProjectile.h; sourceTree = "<group>"; };
		82B9E0F3182580EF00AB37C8 /* PowerProjectile.m */ = {isa = PBXFileReference; fileEncoding = 4; lastKnownFileType = sourcecode.c.objc; name = PowerProjectile.m; path = ../PowerProjectile.m; sourceTree = "<group>"; };
		82B9E0F51825824100AB37C8 /* FrequentProjectile.h */ = {isa = PBXFileReference; fileEncoding = 4; lastKnownFileType = sourcecode.c.h; path = FrequentProjectile.h; sourceTree = "<group>"; };
		82B9E0F61825824100AB37C8 /* FrequentProjectile.m */ = {isa = PBXFileReference; fileEncoding = 4; lastKnownFileType = sourcecode.c.objc; path = FrequentProjectile.m; sourceTree = "<group>"; };
		82B9E0F81825826F00AB37C8 /* LightningProjectile.h */ = {isa = PBXFileReference; fileEncoding = 4; lastKnownFileType = sourcecode.c.h; path = LightningProjectile.h; sourceTree = "<group>"; };
		82B9E0F91825826F00AB37C8 /* LightningProjectile.m */ = {isa = PBXFileReference; fileEncoding = 4; lastKnownFileType = sourcecode.c.objc; path = LightningProjectile.m; sourceTree = "<group>"; };
		82B9E0FB182582BD00AB37C8 /* UnstoppableProjectile.h */ = {isa = PBXFileReference; fileEncoding = 4; lastKnownFileType = sourcecode.c.h; path = UnstoppableProjectile.h; sourceTree = "<group>"; };
		82B9E0FC182582BD00AB37C8 /* UnstoppableProjectile.m */ = {isa = PBXFileReference; fileEncoding = 4; lastKnownFileType = sourcecode.c.objc; path = UnstoppableProjectile.m; sourceTree = "<group>"; };
		82B9E0FE182582D800AB37C8 /* DarkMatterProjectile.h */ = {isa = PBXFileReference; fileEncoding = 4; lastKnownFileType = sourcecode.c.h; path = DarkMatterProjectile.h; sourceTree = "<group>"; };
		82B9E0FF182582D800AB37C8 /* DarkMatterProjectile.m */ = {isa = PBXFileReference; fileEncoding = 4; lastKnownFileType = sourcecode.c.objc; path = DarkMatterProjectile.m; sourceTree = "<group>"; };
		82D87FFD1825A3CA00338BBB /* PowerProjectile@2x.png */ = {isa = PBXFileReference; lastKnownFileType = image.png; path = "PowerProjectile@2x.png"; sourceTree = "<group>"; };
		82D87FFE1825A3CA00338BBB /* LightningProjectile@2x.png */ = {isa = PBXFileReference; lastKnownFileType = image.png; path = "LightningProjectile@2x.png"; sourceTree = "<group>"; };
		82D87FFF1825A3CA00338BBB /* UnstoppableProjectile@2x.png */ = {isa = PBXFileReference; lastKnownFileType = image.png; path = "UnstoppableProjectile@2x.png"; sourceTree = "<group>"; };
		82D880001825A3CA00338BBB /* FrequentProjectile@2x.png */ = {isa = PBXFileReference; lastKnownFileType = image.png; path = "FrequentProjectile@2x.png"; sourceTree = "<group>"; };
		82D880011825A3CA00338BBB /* DarkMatterProjectile@2x.png */ = {isa = PBXFileReference; lastKnownFileType = image.png; path = "DarkMatterProjectile@2x.png"; sourceTree = "<group>"; };
		CD2729491827A34C005CD420 /* SP_iPhone Retina (iOS 6 and Prior).png */ = {isa = PBXFileReference; lastKnownFileType = image.png; path = "SP_iPhone Retina (iOS 6 and Prior).png"; sourceTree = "<group>"; };
		CD27294A1827A34C005CD420 /* SP_iPhone Retina.png */ = {isa = PBXFileReference; lastKnownFileType = image.png; path = "SP_iPhone Retina.png"; sourceTree = "<group>"; };
		CD27294B1827A34C005CD420 /* SP_iPhone Non-Retina.png */ = {isa = PBXFileReference; lastKnownFileType = image.png; path = "SP_iPhone Non-Retina.png"; sourceTree = "<group>"; };
		CD27295B1827AC8D005CD420 /* Default.png */ = {isa = PBXFileReference; lastKnownFileType = image.png; path = Default.png; sourceTree = "<group>"; };
		CD27295C1827AC8D005CD420 /* Default-568h@2x.png */ = {isa = PBXFileReference; lastKnownFileType = image.png; path = "Default-568h@2x.png"; sourceTree = "<group>"; };
		CD27295D1827AC8D005CD420 /* Default~iphone.png */ = {isa = PBXFileReference; lastKnownFileType = image.png; path = "Default~iphone.png"; sourceTree = "<group>"; };
		CDD36AB21824644800207570 /* iPhone Non-Retina.png */ = {isa = PBXFileReference; lastKnownFileType = image.png; path = "iPhone Non-Retina.png"; sourceTree = "<group>"; };
		CDD36AB31824644800207570 /* iPhone Retina (iOS 6 and Prior).png */ = {isa = PBXFileReference; lastKnownFileType = image.png; path = "iPhone Retina (iOS 6 and Prior).png"; sourceTree = "<group>"; };
		CDD36AB41824644800207570 /* iPhone Retina.png */ = {isa = PBXFileReference; lastKnownFileType = image.png; path = "iPhone Retina.png"; sourceTree = "<group>"; };
		DC8AC99D1826A50D007CBC26 /* GameData.h */ = {isa = PBXFileReference; fileEncoding = 4; lastKnownFileType = sourcecode.c.h; path = GameData.h; sourceTree = "<group>"; };
		DC8AC99E1826A50E007CBC26 /* GameData.m */ = {isa = PBXFileReference; fileEncoding = 4; lastKnownFileType = sourcecode.c.objc; path = GameData.m; sourceTree = "<group>"; };
		DC8CCB46181FCD7F008C5DB3 /* GameData.plist */ = {isa = PBXFileReference; fileEncoding = 4; lastKnownFileType = text.plist.xml; path = GameData.plist; sourceTree = "<group>"; };
		DC8DD03C180C0A8200857A2D /* Super Defender.app */ = {isa = PBXFileReference; explicitFileType = wrapper.application; includeInIndex = 0; path = "Super Defender.app"; sourceTree = BUILT_PRODUCTS_DIR; };
		DC8DD03F180C0A8200857A2D /* UIKit.framework */ = {isa = PBXFileReference; lastKnownFileType = wrapper.framework; name = UIKit.framework; path = System/Library/Frameworks/UIKit.framework; sourceTree = SDKROOT; };
		DC8DD041180C0A8200857A2D /* Foundation.framework */ = {isa = PBXFileReference; lastKnownFileType = wrapper.framework; name = Foundation.framework; path = System/Library/Frameworks/Foundation.framework; sourceTree = SDKROOT; };
		DC8DD043180C0A8200857A2D /* CoreGraphics.framework */ = {isa = PBXFileReference; lastKnownFileType = wrapper.framework; name = CoreGraphics.framework; path = System/Library/Frameworks/CoreGraphics.framework; sourceTree = SDKROOT; };
		DC8DD047180C0A8200857A2D /* Super Defender-Info.plist */ = {isa = PBXFileReference; lastKnownFileType = text.plist.xml; path = "Super Defender-Info.plist"; sourceTree = "<group>"; };
		DC8DD049180C0A8200857A2D /* en */ = {isa = PBXFileReference; lastKnownFileType = text.plist.strings; name = en; path = en.lproj/InfoPlist.strings; sourceTree = "<group>"; };
		DC8DD04B180C0A8200857A2D /* main.m */ = {isa = PBXFileReference; lastKnownFileType = sourcecode.c.objc; path = main.m; sourceTree = "<group>"; };
		DC8DD04D180C0A8200857A2D /* Super Defender-Prefix.pch */ = {isa = PBXFileReference; lastKnownFileType = sourcecode.c.h; path = "Super Defender-Prefix.pch"; sourceTree = "<group>"; };
		DC8DD04E180C0A8200857A2D /* AppDelegate.h */ = {isa = PBXFileReference; lastKnownFileType = sourcecode.c.h; path = AppDelegate.h; sourceTree = "<group>"; };
		DC8DD04F180C0A8200857A2D /* AppDelegate.m */ = {isa = PBXFileReference; lastKnownFileType = sourcecode.c.objc; path = AppDelegate.m; sourceTree = "<group>"; };
		DC8DD05C180C0B2800857A2D /* MainViewController.h */ = {isa = PBXFileReference; fileEncoding = 4; lastKnownFileType = sourcecode.c.h; path = MainViewController.h; sourceTree = "<group>"; };
		DC8DD05D180C0B2800857A2D /* MainViewController.m */ = {isa = PBXFileReference; fileEncoding = 4; lastKnownFileType = sourcecode.c.objc; path = MainViewController.m; sourceTree = "<group>"; };
		DC8DD061180C0BC200857A2D /* MenuViewController.h */ = {isa = PBXFileReference; fileEncoding = 4; lastKnownFileType = sourcecode.c.h; path = MenuViewController.h; sourceTree = "<group>"; };
		DC8DD062180C0BC200857A2D /* MenuViewController.m */ = {isa = PBXFileReference; fileEncoding = 4; lastKnownFileType = sourcecode.c.objc; path = MenuViewController.m; sourceTree = "<group>"; };
		DC8DD064180C0D1500857A2D /* Playfield.h */ = {isa = PBXFileReference; fileEncoding = 4; lastKnownFileType = sourcecode.c.h; path = Playfield.h; sourceTree = "<group>"; };
		DC8DD065180C0D1500857A2D /* Playfield.m */ = {isa = PBXFileReference; fileEncoding = 4; lastKnownFileType = sourcecode.c.objc; path = Playfield.m; sourceTree = "<group>"; };
		DC8DD070180C0D9C00857A2D /* Enemy.h */ = {isa = PBXFileReference; fileEncoding = 4; lastKnownFileType = sourcecode.c.h; path = Enemy.h; sourceTree = "<group>"; };
		DC8DD071180C0D9C00857A2D /* Enemy.m */ = {isa = PBXFileReference; fileEncoding = 4; lastKnownFileType = sourcecode.c.objc; path = Enemy.m; sourceTree = "<group>"; };
		DC8DD073180C0DB800857A2D /* Enemy1.h */ = {isa = PBXFileReference; fileEncoding = 4; lastKnownFileType = sourcecode.c.h; path = Enemy1.h; sourceTree = "<group>"; };
		DC8DD074180C0DB800857A2D /* Enemy1.m */ = {isa = PBXFileReference; fileEncoding = 4; lastKnownFileType = sourcecode.c.objc; path = Enemy1.m; sourceTree = "<group>"; };
		DC8DD076180C0DC900857A2D /* Enemy2.h */ = {isa = PBXFileReference; fileEncoding = 4; lastKnownFileType = sourcecode.c.h; path = Enemy2.h; sourceTree = "<group>"; };
		DC8DD077180C0DC900857A2D /* Enemy2.m */ = {isa = PBXFileReference; fileEncoding = 4; lastKnownFileType = sourcecode.c.objc; path = Enemy2.m; sourceTree = "<group>"; };
		DC8DD079180C0DE600857A2D /* Cannon.h */ = {isa = PBXFileReference; fileEncoding = 4; lastKnownFileType = sourcecode.c.h; path = Cannon.h; sourceTree = "<group>"; };
		DC8DD07A180C0DE700857A2D /* Cannon.m */ = {isa = PBXFileReference; fileEncoding = 4; lastKnownFileType = sourcecode.c.objc; path = Cannon.m; sourceTree = "<group>"; };
		DC8DD07C180C0E0500857A2D /* Projectile.h */ = {isa = PBXFileReference; fileEncoding = 4; lastKnownFileType = sourcecode.c.h; path = Projectile.h; sourceTree = "<group>"; };
		DC8DD07D180C0E0500857A2D /* Projectile.m */ = {isa = PBXFileReference; fileEncoding = 4; lastKnownFileType = sourcecode.c.objc; path = Projectile.m; sourceTree = "<group>"; };
		DC8DD07F180C0E1A00857A2D /* DefaultProjectile.h */ = {isa = PBXFileReference; fileEncoding = 4; lastKnownFileType = sourcecode.c.h; path = DefaultProjectile.h; sourceTree = "<group>"; };
		DC8DD080180C0E1A00857A2D /* DefaultProjectile.m */ = {isa = PBXFileReference; fileEncoding = 4; lastKnownFileType = sourcecode.c.objc; path = DefaultProjectile.m; sourceTree = "<group>"; };
		DC8DD082180C0E2900857A2D /* EnemyProjectile.h */ = {isa = PBXFileReference; fileEncoding = 4; lastKnownFileType = sourcecode.c.h; path = EnemyProjectile.h; sourceTree = "<group>"; };
		DC8DD083180C0E2900857A2D /* EnemyProjectile.m */ = {isa = PBXFileReference; fileEncoding = 4; lastKnownFileType = sourcecode.c.objc; path = EnemyProjectile.m; sourceTree = "<group>"; };
		DC8DD085180C0E3700857A2D /* Object.h */ = {isa = PBXFileReference; fileEncoding = 4; lastKnownFileType = sourcecode.c.h; path = Object.h; sourceTree = "<group>"; };
		DC8DD086180C0E3700857A2D /* Object.m */ = {isa = PBXFileReference; fileEncoding = 4; lastKnownFileType = sourcecode.c.objc; path = Object.m; sourceTree = "<group>"; };
		DCDF4B9E181E8213008ED39F /* MenuView.xib */ = {isa = PBXFileReference; fileEncoding = 4; lastKnownFileType = file.xib; path = MenuView.xib; sourceTree = "<group>"; };
		DCDF4BA0181E88FB008ED39F /* Heart.h */ = {isa = PBXFileReference; fileEncoding = 4; lastKnownFileType = sourcecode.c.h; path = Heart.h; sourceTree = "<group>"; };
		DCDF4BA1181E88FB008ED39F /* Heart.m */ = {isa = PBXFileReference; fileEncoding = 4; lastKnownFileType = sourcecode.c.objc; path = Heart.m; sourceTree = "<group>"; };
/* End PBXFileReference section */

/* Begin PBXFrameworksBuildPhase section */
		DC8DD039180C0A8200857A2D /* Frameworks */ = {
			isa = PBXFrameworksBuildPhase;
			buildActionMask = 2147483647;
			files = (
				829EA93E18166847006341B8 /* CoreMotion.framework in Frameworks */,
				DC8DD040180C0A8200857A2D /* UIKit.framework in Frameworks */,
				DC8DD042180C0A8200857A2D /* Foundation.framework in Frameworks */,
				DC8DD044180C0A8200857A2D /* CoreGraphics.framework in Frameworks */,
			);
			runOnlyForDeploymentPostprocessing = 0;
		};
/* End PBXFrameworksBuildPhase section */

/* Begin PBXGroup section */
		824D068C1822905C00D63F79 /* images */ = {
			isa = PBXGroup;
			children = (
				82B9E0E7182570AB00AB37C8 /* upgradeButtons */,
				82B9E0DC1825702C00AB37C8 /* projectileButtons */,
				827431531822AB3E004E6643 /* projectiles */,
				827431201822AB27004E6643 /* healthbars */,
				8274312C1822AB27004E6643 /* ingame */,
				827431371822AB27004E6643 /* ui */,
			);
			name = images;
			path = ..;
			sourceTree = "<group>";
		};
		827431201822AB27004E6643 /* healthbars */ = {
			isa = PBXGroup;
			children = (
				827431211822AB27004E6643 /* 0.png */,
				827431221822AB27004E6643 /* 10.png */,
				827431231822AB27004E6643 /* 100.png */,
				827431241822AB27004E6643 /* 20.png */,
				827431251822AB27004E6643 /* 30.png */,
				827431261822AB27004E6643 /* 40.png */,
				827431271822AB27004E6643 /* 50.png */,
				827431281822AB27004E6643 /* 60.png */,
				827431291822AB27004E6643 /* 70.png */,
				8274312A1822AB27004E6643 /* 80.png */,
				8274312B1822AB27004E6643 /* 90.png */,
			);
			path = healthbars;
			sourceTree = "<group>";
		};
		8274312C1822AB27004E6643 /* ingame */ = {
			isa = PBXGroup;
			children = (
				822793CD1823D30A00729F29 /* background.png */,
				822793CE1823D30A00729F29 /* background@2x.png */,
				8274312F1822AB27004E6643 /* base.png */,
				827431301822AB27004E6643 /* base@2x.png */,
				827431311822AB27004E6643 /* BigExplosion.png */,
				827431321822AB27004E6643 /* DefenderHeart.png */,
				827431331822AB27004E6643 /* DefenderHeart@2x.png */,
				827431361822AB27004E6643 /* Explosion.png */,
				822793C91823D22100729F29 /* barrel.png */,
				822793CA1823D22100729F29 /* barrel@2x.png */,
				822793D11823D32C00729F29 /* EasyEnemy.png */,
				822793D21823D32C00729F29 /* EasyEnemy@2x.png */,
				822793D31823D32C00729F29 /* HardEnemy.png */,
				822793D41823D32C00729F29 /* HardEnemy@2x.png */,
			);
			path = ingame;
			sourceTree = "<group>";
		};
		827431371822AB27004E6643 /* ui */ = {
			isa = PBXGroup;
			children = (
				8222CB3C182855A600DA1230 /* ProjectileScherm_v1_leeg.png */,
				8222CB3D182855A600DA1230 /* UpgradeScherm_v1_leeg.png */,
				827431381822AB27004E6643 /* menu.png */,
				827431391822AB27004E6643 /* pauzebutton.png */,
				8274313A1822AB27004E6643 /* pauzebutton@2x.png */,
			);
			path = ui;
			sourceTree = "<group>";
		};
		827431531822AB3E004E6643 /* projectiles */ = {
			isa = PBXGroup;
			children = (
				827431541822AB3E004E6643 /* EnemyProjectile.png */,
				827431551822AB3E004E6643 /* EnemyProjectile@2x.png */,
				827431561822AB3E004E6643 /* NormalProjectile.png */,
				827431571822AB3E004E6643 /* NormalProjectile@2x.png */,
				827431581822AB3E004E6643 /* DarkMatterProjectile.png */,
				827431591822AB3E004E6643 /* UnstoppableProjectile.png */,
				8274315A1822AB3E004E6643 /* LightningProjectile.png */,
				8274315B1822AB3E004E6643 /* FrequentProjectile.png */,
				8274315C1822AB3E004E6643 /* PowerProjectile.png */,
				82D87FFD1825A3CA00338BBB /* PowerProjectile@2x.png */,
				82D87FFE1825A3CA00338BBB /* LightningProjectile@2x.png */,
				82D87FFF1825A3CA00338BBB /* UnstoppableProjectile@2x.png */,
				82D880001825A3CA00338BBB /* FrequentProjectile@2x.png */,
				82D880011825A3CA00338BBB /* DarkMatterProjectile@2x.png */,
			);
			path = projectiles;
			sourceTree = "<group>";
		};
		82B9E0DC1825702C00AB37C8 /* projectileButtons */ = {
			isa = PBXGroup;
			children = (
				82B9E0DD1825702C00AB37C8 /* PdarkMatter.png */,
				82B9E0DE1825702C00AB37C8 /* PmoveSpeed.png */,
				82B9E0DF1825702C00AB37C8 /* Ppower.png */,
				82B9E0E01825702C00AB37C8 /* PrateOfFire.png */,
				82B9E0E11825702C00AB37C8 /* Punstoppable.png */,
			);
			path = projectileButtons;
			sourceTree = "<group>";
		};
		82B9E0E7182570AB00AB37C8 /* upgradeButtons */ = {
			isa = PBXGroup;
			children = (
				82B9E0E8182570AB00AB37C8 /* health.png */,
				82B9E0E9182570AB00AB37C8 /* moveSpeed.png */,
				82B9E0EA182570AB00AB37C8 /* power.png */,
				82B9E0EB182570AB00AB37C8 /* rateOfFire.png */,
				82B9E0EC182570AB00AB37C8 /* rotSpeed.png */,
			);
			path = upgradeButtons;
			sourceTree = "<group>";
		};
		CD2729481827A2E7005CD420 /* Spotlight */ = {
			isa = PBXGroup;
			children = (
				CD2729491827A34C005CD420 /* SP_iPhone Retina (iOS 6 and Prior).png */,
				CD27294A1827A34C005CD420 /* SP_iPhone Retina.png */,
				CD27294B1827A34C005CD420 /* SP_iPhone Non-Retina.png */,
			);
			name = Spotlight;
			sourceTree = "<group>";
		};
		CD2729541827ABC5005CD420 /* Launch Images */ = {
			isa = PBXGroup;
			children = (
				CD27295B1827AC8D005CD420 /* Default.png */,
				CD27295C1827AC8D005CD420 /* Default-568h@2x.png */,
				CD27295D1827AC8D005CD420 /* Default~iphone.png */,
			);
			name = "Launch Images";
			sourceTree = "<group>";
		};
		CDD36AB01824643300207570 /* Icons */ = {
			isa = PBXGroup;
			children = (
				CD2729481827A2E7005CD420 /* Spotlight */,
				CDD36AB11824643900207570 /* App */,
			);
			name = Icons;
			sourceTree = "<group>";
		};
		CDD36AB11824643900207570 /* App */ = {
			isa = PBXGroup;
			children = (
				CDD36AB21824644800207570 /* iPhone Non-Retina.png */,
				CDD36AB31824644800207570 /* iPhone Retina (iOS 6 and Prior).png */,
				CDD36AB41824644800207570 /* iPhone Retina.png */,
			);
			name = App;
			sourceTree = "<group>";
		};
		DC8DD033180C0A8200857A2D = {
			isa = PBXGroup;
			children = (
				825D662818270569001EB9C9 /* Levels.plist */,
				DC8CCB46181FCD7F008C5DB3 /* GameData.plist */,
				DC8DD045180C0A8200857A2D /* Super Defender */,
				DC8DD03E180C0A8200857A2D /* Frameworks */,
				DC8DD03D180C0A8200857A2D /* Products */,
			);
			sourceTree = "<group>";
		};
		DC8DD03D180C0A8200857A2D /* Products */ = {
			isa = PBXGroup;
			children = (
				DC8DD03C180C0A8200857A2D /* Super Defender.app */,
			);
			name = Products;
			sourceTree = "<group>";
		};
		DC8DD03E180C0A8200857A2D /* Frameworks */ = {
			isa = PBXGroup;
			children = (
				829EA93D18166847006341B8 /* CoreMotion.framework */,
				DC8DD03F180C0A8200857A2D /* UIKit.framework */,
				DC8DD041180C0A8200857A2D /* Foundation.framework */,
				DC8DD043180C0A8200857A2D /* CoreGraphics.framework */,
			);
			name = Frameworks;
			sourceTree = "<group>";
		};
		DC8DD045180C0A8200857A2D /* Super Defender */ = {
			isa = PBXGroup;
			children = (
				824D068C1822905C00D63F79 /* images */,
				DC8DD04E180C0A8200857A2D /* AppDelegate.h */,
				DC8DD04F180C0A8200857A2D /* AppDelegate.m */,
				DC8DD046180C0A8200857A2D /* Supporting Files */,
				DC8DD05C180C0B2800857A2D /* MainViewController.h */,
				DC8DD05D180C0B2800857A2D /* MainViewController.m */,
				DC8DD061180C0BC200857A2D /* MenuViewController.h */,
				DC8DD062180C0BC200857A2D /* MenuViewController.m */,
				DCDF4B9E181E8213008ED39F /* MenuView.xib */,
				DC8DD064180C0D1500857A2D /* Playfield.h */,
				DC8DD065180C0D1500857A2D /* Playfield.m */,
				DC8DD070180C0D9C00857A2D /* Enemy.h */,
				DC8DD071180C0D9C00857A2D /* Enemy.m */,
				DC8DD073180C0DB800857A2D /* Enemy1.h */,
				DC8DD074180C0DB800857A2D /* Enemy1.m */,
				DC8DD076180C0DC900857A2D /* Enemy2.h */,
				DC8DD077180C0DC900857A2D /* Enemy2.m */,
				DC8DD079180C0DE600857A2D /* Cannon.h */,
				DC8DD07A180C0DE700857A2D /* Cannon.m */,
				DC8DD07C180C0E0500857A2D /* Projectile.h */,
				DC8DD07D180C0E0500857A2D /* Projectile.m */,
				DC8DD07F180C0E1A00857A2D /* DefaultProjectile.h */,
				DC8DD080180C0E1A00857A2D /* DefaultProjectile.m */,
				82B9E0F2182580EF00AB37C8 /* PowerProjectile.h */,
				82B9E0F3182580EF00AB37C8 /* PowerProjectile.m */,
				82B9E0F51825824100AB37C8 /* FrequentProjectile.h */,
				82B9E0F61825824100AB37C8 /* FrequentProjectile.m */,
				82B9E0F81825826F00AB37C8 /* LightningProjectile.h */,
				82B9E0F91825826F00AB37C8 /* LightningProjectile.m */,
				82B9E0FB182582BD00AB37C8 /* UnstoppableProjectile.h */,
				82B9E0FC182582BD00AB37C8 /* UnstoppableProjectile.m */,
				82B9E0FE182582D800AB37C8 /* DarkMatterProjectile.h */,
				82B9E0FF182582D800AB37C8 /* DarkMatterProjectile.m */,
				DC8DD082180C0E2900857A2D /* EnemyProjectile.h */,
				DC8DD083180C0E2900857A2D /* EnemyProjectile.m */,
				DC8DD085180C0E3700857A2D /* Object.h */,
				DC8DD086180C0E3700857A2D /* Object.m */,
				DCDF4BA0181E88FB008ED39F /* Heart.h */,
				DCDF4BA1181E88FB008ED39F /* Heart.m */,
				DC8AC99D1826A50D007CBC26 /* GameData.h */,
				DC8AC99E1826A50E007CBC26 /* GameData.m */,
			);
			path = "Super Defender";
			sourceTree = "<group>";
		};
		DC8DD046180C0A8200857A2D /* Supporting Files */ = {
			isa = PBXGroup;
			children = (
				CD2729541827ABC5005CD420 /* Launch Images */,
				CDD36AB01824643300207570 /* Icons */,
				DC8DD047180C0A8200857A2D /* Super Defender-Info.plist */,
				DC8DD048180C0A8200857A2D /* InfoPlist.strings */,
				DC8DD04B180C0A8200857A2D /* main.m */,
				DC8DD04D180C0A8200857A2D /* Super Defender-Prefix.pch */,
			);
			name = "Supporting Files";
			sourceTree = "<group>";
		};
/* End PBXGroup section */

/* Begin PBXNativeTarget section */
		DC8DD03B180C0A8200857A2D /* Super Defender */ = {
			isa = PBXNativeTarget;
			buildConfigurationList = DC8DD059180C0A8200857A2D /* Build configuration list for PBXNativeTarget "Super Defender" */;
			buildPhases = (
				DC8DD038180C0A8200857A2D /* Sources */,
				DC8DD039180C0A8200857A2D /* Frameworks */,
				DC8DD03A180C0A8200857A2D /* Resources */,
			);
			buildRules = (
			);
			dependencies = (
			);
			name = "Super Defender";
			productName = "Super Defender";
			productReference = DC8DD03C180C0A8200857A2D /* Super Defender.app */;
			productType = "com.apple.product-type.application";
		};
/* End PBXNativeTarget section */

/* Begin PBXProject section */
		DC8DD034180C0A8200857A2D /* Project object */ = {
			isa = PBXProject;
			attributes = {
				LastUpgradeCheck = 0460;
				ORGANIZATIONNAME = RoFuPaNi;
				TargetAttributes = {
					DC8DD03B180C0A8200857A2D = {
						DevelopmentTeam = 9Z69644A6V;
					};
				};
			};
			buildConfigurationList = DC8DD037180C0A8200857A2D /* Build configuration list for PBXProject "Super Defender" */;
			compatibilityVersion = "Xcode 3.2";
			developmentRegion = English;
			hasScannedForEncodings = 0;
			knownRegions = (
				en,
			);
			mainGroup = DC8DD033180C0A8200857A2D;
			productRefGroup = DC8DD03D180C0A8200857A2D /* Products */;
			projectDirPath = "";
			projectRoot = "";
			targets = (
				DC8DD03B180C0A8200857A2D /* Super Defender */,
			);
		};
/* End PBXProject section */

/* Begin PBXResourcesBuildPhase section */
		DC8DD03A180C0A8200857A2D /* Resources */ = {
			isa = PBXResourcesBuildPhase;
			buildActionMask = 2147483647;
			files = (
				8222CB3E182855A600DA1230 /* ProjectileScherm_v1_leeg.png in Resources */,
				CD27295E1827AC8D005CD420 /* Default.png in Resources */,
				827431421822AB27004E6643 /* 60.png in Resources */,
				822793CF1823D30A00729F29 /* background.png in Resources */,
				8274313E1822AB27004E6643 /* 20.png in Resources */,
				827431521822AB27004E6643 /* pauzebutton@2x.png in Resources */,
				827431511822AB27004E6643 /* pauzebutton.png in Resources */,
				827431431822AB27004E6643 /* 70.png in Resources */,
				DC8DD04A180C0A8200857A2D /* InfoPlist.strings in Resources */,
				82B9E0E31825702C00AB37C8 /* PmoveSpeed.png in Resources */,
				8274313D1822AB27004E6643 /* 100.png in Resources */,
				825D662918270569001EB9C9 /* Levels.plist in Resources */,
				82D880051825A3CA00338BBB /* FrequentProjectile@2x.png in Resources */,
				CD2729601827AC8D005CD420 /* Default~iphone.png in Resources */,
				822793D01823D30A00729F29 /* background@2x.png in Resources */,
				8274314C1822AB27004E6643 /* DefenderHeart@2x.png in Resources */,
				82D880021825A3CA00338BBB /* PowerProjectile@2x.png in Resources */,
				827431631822AB3E004E6643 /* LightningProjectile.png in Resources */,
				827431401822AB27004E6643 /* 40.png in Resources */,
				822793D71823D32C00729F29 /* HardEnemy.png in Resources */,
				82D880031825A3CA00338BBB /* LightningProjectile@2x.png in Resources */,
				8274313C1822AB27004E6643 /* 10.png in Resources */,
				8274313F1822AB27004E6643 /* 30.png in Resources */,
				822793D51823D32C00729F29 /* EasyEnemy.png in Resources */,
				822793D81823D32C00729F29 /* HardEnemy@2x.png in Resources */,
				82B9E0E41825702C00AB37C8 /* Ppower.png in Resources */,
				82D880041825A3CA00338BBB /* UnstoppableProjectile@2x.png in Resources */,
				827431451822AB27004E6643 /* 90.png in Resources */,
				827431601822AB3E004E6643 /* NormalProjectile@2x.png in Resources */,
				CD27294E1827A34C005CD420 /* SP_iPhone Non-Retina.png in Resources */,
				82D880061825A3CA00338BBB /* DarkMatterProjectile@2x.png in Resources */,
				DCDF4B9F181E8213008ED39F /* MenuView.xib in Resources */,
				82B9E0E51825702C00AB37C8 /* PrateOfFire.png in Resources */,
				8222CB3F182855A600DA1230 /* UpgradeScherm_v1_leeg.png in Resources */,
				82B9E0F1182570AB00AB37C8 /* rotSpeed.png in Resources */,
				8274315D1822AB3E004E6643 /* EnemyProjectile.png in Resources */,
				822793CC1823D22100729F29 /* barrel@2x.png in Resources */,
				82B9E0EF182570AB00AB37C8 /* power.png in Resources */,
				CDD36AB51824644800207570 /* iPhone Non-Retina.png in Resources */,
				827431621822AB3E004E6643 /* UnstoppableProjectile.png in Resources */,
				DC8CCB47181FCD80008C5DB3 /* GameData.plist in Resources */,
				822793CB1823D22100729F29 /* barrel.png in Resources */,
				CD27294D1827A34C005CD420 /* SP_iPhone Retina.png in Resources */,
				CDD36AB71824644800207570 /* iPhone Retina.png in Resources */,
				8274313B1822AB27004E6643 /* 0.png in Resources */,
				8274315F1822AB3E004E6643 /* NormalProjectile.png in Resources */,
				82B9E0F0182570AB00AB37C8 /* rateOfFire.png in Resources */,
				827431441822AB27004E6643 /* 80.png in Resources */,
				82B9E0EE182570AB00AB37C8 /* moveSpeed.png in Resources */,
				CDD36AB61824644800207570 /* iPhone Retina (iOS 6 and Prior).png in Resources */,
				827431641822AB3E004E6643 /* FrequentProjectile.png in Resources */,
				827431611822AB3E004E6643 /* DarkMatterProjectile.png in Resources */,
				827431651822AB3E004E6643 /* PowerProjectile.png in Resources */,
				82B9E0E21825702C00AB37C8 /* PdarkMatter.png in Resources */,
				827431491822AB27004E6643 /* base@2x.png in Resources */,
				8274314F1822AB27004E6643 /* Explosion.png in Resources */,
				827431501822AB27004E6643 /* menu.png in Resources */,
				82B9E0ED182570AB00AB37C8 /* health.png in Resources */,
				8274314A1822AB27004E6643 /* BigExplosion.png in Resources */,
				827431411822AB27004E6643 /* 50.png in Resources */,
				8274314B1822AB27004E6643 /* DefenderHeart.png in Resources */,
				82B9E0E61825702C00AB37C8 /* Punstoppable.png in Resources */,
				CD27295F1827AC8D005CD420 /* Default-568h@2x.png in Resources */,
				827431481822AB27004E6643 /* base.png in Resources */,
				822793D61823D32C00729F29 /* EasyEnemy@2x.png in Resources */,
				8274315E1822AB3E004E6643 /* EnemyProjectile@2x.png in Resources */,
				CD27294C1827A34C005CD420 /* SP_iPhone Retina (iOS 6 and Prior).png in Resources */,
			);
			runOnlyForDeploymentPostprocessing = 0;
		};
/* End PBXResourcesBuildPhase section */

/* Begin PBXSourcesBuildPhase section */
		DC8DD038180C0A8200857A2D /* Sources */ = {
			isa = PBXSourcesBuildPhase;
			buildActionMask = 2147483647;
			files = (
				DC8DD04C180C0A8200857A2D /* main.m in Sources */,
				DC8DD050180C0A8200857A2D /* AppDelegate.m in Sources */,
				DC8DD05F180C0B2800857A2D /* MainViewController.m in Sources */,
				DC8DD063180C0BC200857A2D /* MenuViewController.m in Sources */,
				DC8DD066180C0D1500857A2D /* Playfield.m in Sources */,
				DC8DD072180C0D9C00857A2D /* Enemy.m in Sources */,
				82B9E100182582D800AB37C8 /* DarkMatterProjectile.m in Sources */,
				DC8DD075180C0DB800857A2D /* Enemy1.m in Sources */,
				82B9E0F4182580EF00AB37C8 /* PowerProjectile.m in Sources */,
				82B9E0FA1825826F00AB37C8 /* LightningProjectile.m in Sources */,
				DC8DD078180C0DCA00857A2D /* Enemy2.m in Sources */,
				DC8DD07B180C0DE700857A2D /* Cannon.m in Sources */,
				DC8DD07E180C0E0500857A2D /* Projectile.m in Sources */,
				DC8DD081180C0E1A00857A2D /* DefaultProjectile.m in Sources */,
				DC8DD084180C0E2A00857A2D /* EnemyProjectile.m in Sources */,
				82B9E0FD182582BD00AB37C8 /* UnstoppableProjectile.m in Sources */,
				82B9E0F71825824100AB37C8 /* FrequentProjectile.m in Sources */,
				DC8DD087180C0E3800857A2D /* Object.m in Sources */,
				DCDF4BA2181E88FC008ED39F /* Heart.m in Sources */,
				DC8AC99F1826A50E007CBC26 /* GameData.m in Sources */,
			);
			runOnlyForDeploymentPostprocessing = 0;
		};
/* End PBXSourcesBuildPhase section */

/* Begin PBXVariantGroup section */
		DC8DD048180C0A8200857A2D /* InfoPlist.strings */ = {
			isa = PBXVariantGroup;
			children = (
				DC8DD049180C0A8200857A2D /* en */,
			);
			name = InfoPlist.strings;
			sourceTree = "<group>";
		};
/* End PBXVariantGroup section */

/* Begin XCBuildConfiguration section */
		DC8DD057180C0A8200857A2D /* Debug */ = {
			isa = XCBuildConfiguration;
			buildSettings = {
				ALWAYS_SEARCH_USER_PATHS = NO;
				CLANG_CXX_LANGUAGE_STANDARD = "gnu++0x";
				CLANG_CXX_LIBRARY = "libc++";
				CLANG_WARN_CONSTANT_CONVERSION = YES;
				CLANG_WARN_EMPTY_BODY = YES;
				CLANG_WARN_ENUM_CONVERSION = YES;
				CLANG_WARN_INT_CONVERSION = YES;
				CLANG_WARN__DUPLICATE_METHOD_MATCH = YES;
				"CODE_SIGN_IDENTITY[sdk=iphoneos*]" = "iPhone Developer";
				COPY_PHASE_STRIP = NO;
				GCC_C_LANGUAGE_STANDARD = gnu99;
				GCC_DYNAMIC_NO_PIC = NO;
				GCC_OPTIMIZATION_LEVEL = 0;
				GCC_PREPROCESSOR_DEFINITIONS = (
					"DEBUG=1",
					"$(inherited)",
				);
				GCC_SYMBOLS_PRIVATE_EXTERN = NO;
				GCC_WARN_ABOUT_RETURN_TYPE = YES;
				GCC_WARN_UNINITIALIZED_AUTOS = YES;
				GCC_WARN_UNUSED_VARIABLE = YES;
				IPHONEOS_DEPLOYMENT_TARGET = 6.1;
				ONLY_ACTIVE_ARCH = YES;
				SDKROOT = iphoneos;
			};
			name = Debug;
		};
		DC8DD058180C0A8200857A2D /* Release */ = {
			isa = XCBuildConfiguration;
			buildSettings = {
				ALWAYS_SEARCH_USER_PATHS = NO;
				CLANG_CXX_LANGUAGE_STANDARD = "gnu++0x";
				CLANG_CXX_LIBRARY = "libc++";
				CLANG_WARN_CONSTANT_CONVERSION = YES;
				CLANG_WARN_EMPTY_BODY = YES;
				CLANG_WARN_ENUM_CONVERSION = YES;
				CLANG_WARN_INT_CONVERSION = YES;
				CLANG_WARN__DUPLICATE_METHOD_MATCH = YES;
				"CODE_SIGN_IDENTITY[sdk=iphoneos*]" = "iPhone Developer";
				COPY_PHASE_STRIP = YES;
				GCC_C_LANGUAGE_STANDARD = gnu99;
				GCC_WARN_ABOUT_RETURN_TYPE = YES;
				GCC_WARN_UNINITIALIZED_AUTOS = YES;
				GCC_WARN_UNUSED_VARIABLE = YES;
				IPHONEOS_DEPLOYMENT_TARGET = 6.1;
				OTHER_CFLAGS = "-DNS_BLOCK_ASSERTIONS=1";
				SDKROOT = iphoneos;
				VALIDATE_PRODUCT = YES;
			};
			name = Release;
		};
		DC8DD05A180C0A8200857A2D /* Debug */ = {
			isa = XCBuildConfiguration;
			buildSettings = {
				CODE_SIGN_IDENTITY = "";
				"CODE_SIGN_IDENTITY[sdk=iphoneos*]" = "";
				GCC_PRECOMPILE_PREFIX_HEADER = YES;
				GCC_PREFIX_HEADER = "Super Defender/Super Defender-Prefix.pch";
				INFOPLIST_FILE = "Super Defender/Super Defender-Info.plist";
				PRODUCT_NAME = "$(TARGET_NAME)";
				PROVISIONING_PROFILE = "371F708D-EA0F-4639-9AA4-B0F80B9D2C7F";
				"PROVISIONING_PROFILE[sdk=iphoneos*]" = "371F708D-EA0F-4639-9AA4-B0F80B9D2C7F";
				WRAPPER_EXTENSION = app;
			};
			name = Debug;
		};
		DC8DD05B180C0A8200857A2D /* Release */ = {
			isa = XCBuildConfiguration;
			buildSettings = {
				CODE_SIGN_IDENTITY = "";
				"CODE_SIGN_IDENTITY[sdk=iphoneos*]" = "";
				GCC_PRECOMPILE_PREFIX_HEADER = YES;
				GCC_PREFIX_HEADER = "Super Defender/Super Defender-Prefix.pch";
				INFOPLIST_FILE = "Super Defender/Super Defender-Info.plist";
				PRODUCT_NAME = "$(TARGET_NAME)";
				PROVISIONING_PROFILE = "371F708D-EA0F-4639-9AA4-B0F80B9D2C7F";
				"PROVISIONING_PROFILE[sdk=iphoneos*]" = "371F708D-EA0F-4639-9AA4-B0F80B9D2C7F";
				WRAPPER_EXTENSION = app;
			};
			name = Release;
		};
/* End XCBuildConfiguration section */

/* Begin XCConfigurationList section */
		DC8DD037180C0A8200857A2D /* Build configuration list for PBXProject "Super Defender" */ = {
			isa = XCConfigurationList;
			buildConfigurations = (
				DC8DD057180C0A8200857A2D /* Debug */,
				DC8DD058180C0A8200857A2D /* Release */,
			);
			defaultConfigurationIsVisible = 0;
			defaultConfigurationName = Release;
		};
		DC8DD059180C0A8200857A2D /* Build configuration list for PBXNativeTarget "Super Defender" */ = {
			isa = XCConfigurationList;
			buildConfigurations = (
				DC8DD05A180C0A8200857A2D /* Debug */,
				DC8DD05B180C0A8200857A2D /* Release */,
			);
			defaultConfigurationIsVisible = 0;
			defaultConfigurationName = Release;
		};
/* End XCConfigurationList section */
	};
	rootObject = DC8DD034180C0A8200857A2D /* Project object */;
}
